
Microsoft Visual Studio Solution File, Format Version 12.00
# Visual Studio Version 16
VisualStudioVersion = 16.0.29920.165
MinimumVisualStudioVersion = 10.0.40219.1
Project("{FAE04EC0-301F-11D3-BF4B-00C04F79EFBC}") = "InvoiceMaker", "InvoiceMaker.csproj", "{99FAD599-E40A-4123-9D69-F3352B36602A}"
EndProject
Global
	GlobalSection(SolutionConfigurationPlatforms) = preSolution
		Debug|Any CPU = Debug|Any CPU
		Release|Any CPU = Release|Any CPU
	EndGlobalSection
	GlobalSection(ProjectConfigurationPlatforms) = postSolution
		{99FAD599-E40A-4123-9D69-F3352B36602A}.Debug|Any CPU.ActiveCfg = Debug|Any CPU
		{99FAD599-E40A-4123-9D69-F3352B36602A}.Debug|Any CPU.Build.0 = Debug|Any CPU
		{99FAD599-E40A-4123-9D69-F3352B36602A}.Release|Any CPU.ActiveCfg = Release|Any CPU
		{99FAD599-E40A-4123-9D69-F3352B36602A}.Release|Any CPU.Build.0 = Release|Any CPU
	EndGlobalSection
	GlobalSection(SolutionProperties) = preSolution
		HideSolutionNode = FALSE
	EndGlobalSection
	GlobalSection(ExtensibilityGlobals) = postSolution
		SolutionGuid = {AE103CE0-4BCA-4D96-A5E1-E48396D75B6B}
	EndGlobalSection
EndGlobal
